// !$*UTF8*$!
{
	archiveVersion = 1;
	classes = {
	};
	objectVersion = 46;
	objects = {

/* Begin PBXBuildFile section */
		B5FA7E4BC4E303A399C076DC /* libPods.a in Frameworks */ = {isa = PBXBuildFile; fileRef = E267C16EB418488653AD8292 /* libPods.a */; };
		D85F50A81B710AC200D42E5D /* main.m in Sources */ = {isa = PBXBuildFile; fileRef = D85F50A71B710AC200D42E5D /* main.m */; };
		D85F50AB1B710AC200D42E5D /* AppDelegate.m in Sources */ = {isa = PBXBuildFile; fileRef = D85F50AA1B710AC200D42E5D /* AppDelegate.m */; };
		D85F50B31B710AC200D42E5D /* Images.xcassets in Resources */ = {isa = PBXBuildFile; fileRef = D85F50B21B710AC200D42E5D /* Images.xcassets */; };
		D85F50B61B710AC200D42E5D /* LaunchScreen.xib in Resources */ = {isa = PBXBuildFile; fileRef = D85F50B41B710AC200D42E5D /* LaunchScreen.xib */; };
		D85F50C21B710AC200D42E5D /* PixTests.m in Sources */ = {isa = PBXBuildFile; fileRef = D85F50C11B710AC200D42E5D /* PixTests.m */; };
		D85F50CD1B710B4700D42E5D /* ImagesTableViewController.m in Sources */ = {isa = PBXBuildFile; fileRef = D85F50CC1B710B4700D42E5D /* ImagesTableViewController.m */; };
		D85F50D11B71137000D42E5D /* User.m in Sources */ = {isa = PBXBuildFile; fileRef = D85F50D01B71137000D42E5D /* User.m */; };
		D85F50D51B7113FA00D42E5D /* Media.m in Sources */ = {isa = PBXBuildFile; fileRef = D85F50D41B7113FA00D42E5D /* Media.m */; };
		D85F50D81B71155F00D42E5D /* Comment.m in Sources */ = {isa = PBXBuildFile; fileRef = D85F50D71B71155F00D42E5D /* Comment.m */; };
		D85F50DB1B7115B500D42E5D /* DataSource.m in Sources */ = {isa = PBXBuildFile; fileRef = D85F50DA1B7115B500D42E5D /* DataSource.m */; };
		D85F50DE1B713ED700D42E5D /* MediaTableViewCell.m in Sources */ = {isa = PBXBuildFile; fileRef = D85F50DD1B713ED700D42E5D /* MediaTableViewCell.m */; };
		D85F50E21B72A4F700D42E5D /* LoginViewController.m in Sources */ = {isa = PBXBuildFile; fileRef = D85F50E11B72A4F700D42E5D /* LoginViewController.m */; };
		D86C22CA1B76AA5A00CAE900 /* MediaFullScreenViewController.m in Sources */ = {isa = PBXBuildFile; fileRef = D86C22C91B76AA5A00CAE900 /* MediaFullScreenViewController.m */; };
		D86C22CF1B7A950500CAE900 /* CircleSpinnerView.m in Sources */ = {isa = PBXBuildFile; fileRef = D86C22CE1B7A950500CAE900 /* CircleSpinnerView.m */; };
		D86C22D21B7A981300CAE900 /* LikeButton.m in Sources */ = {isa = PBXBuildFile; fileRef = D86C22D11B7A981300CAE900 /* LikeButton.m */; };
		D86C22D51B7BD78D00CAE900 /* ComposeCommentView.m in Sources */ = {isa = PBXBuildFile; fileRef = D86C22D41B7BD78D00CAE900 /* ComposeCommentView.m */; };
/* End PBXBuildFile section */

/* Begin PBXContainerItemProxy section */
		D85F50BC1B710AC200D42E5D /* PBXContainerItemProxy */ = {
			isa = PBXContainerItemProxy;
			containerPortal = D85F509A1B710AC100D42E5D /* Project object */;
			proxyType = 1;
			remoteGlobalIDString = D85F50A11B710AC200D42E5D;
			remoteInfo = Pix;
		};
/* End PBXContainerItemProxy section */

/* Begin PBXFileReference section */
		2668EF4A11BC7ED84AA6A923 /* Pods.debug.xcconfig */ = {isa = PBXFileReference; includeInIndex = 1; lastKnownFileType = text.xcconfig; name = Pods.debug.xcconfig; path = "Pods/Target Support Files/Pods/Pods.debug.xcconfig"; sourceTree = "<group>"; };
		68B1E2AF0288AD231FA4A0A0 /* Pods.release.xcconfig */ = {isa = PBXFileReference; includeInIndex = 1; lastKnownFileType = text.xcconfig; name = Pods.release.xcconfig; path = "Pods/Target Support Files/Pods/Pods.release.xcconfig"; sourceTree = "<group>"; };
		D85F50A21B710AC200D42E5D /* Pix.app */ = {isa = PBXFileReference; explicitFileType = wrapper.application; includeInIndex = 0; path = Pix.app; sourceTree = BUILT_PRODUCTS_DIR; };
		D85F50A61B710AC200D42E5D /* Info.plist */ = {isa = PBXFileReference; lastKnownFileType = text.plist.xml; path = Info.plist; sourceTree = "<group>"; };
		D85F50A71B710AC200D42E5D /* main.m */ = {isa = PBXFileReference; lastKnownFileType = sourcecode.c.objc; path = main.m; sourceTree = "<group>"; };
		D85F50A91B710AC200D42E5D /* AppDelegate.h */ = {isa = PBXFileReference; lastKnownFileType = sourcecode.c.h; path = AppDelegate.h; sourceTree = "<group>"; };
		D85F50AA1B710AC200D42E5D /* AppDelegate.m */ = {isa = PBXFileReference; lastKnownFileType = sourcecode.c.objc; path = AppDelegate.m; sourceTree = "<group>"; };
		D85F50B21B710AC200D42E5D /* Images.xcassets */ = {isa = PBXFileReference; lastKnownFileType = folder.assetcatalog; path = Images.xcassets; sourceTree = "<group>"; };
		D85F50B51B710AC200D42E5D /* Base */ = {isa = PBXFileReference; lastKnownFileType = file.xib; name = Base; path = Base.lproj/LaunchScreen.xib; sourceTree = "<group>"; };
		D85F50BB1B710AC200D42E5D /* PixTests.xctest */ = {isa = PBXFileReference; explicitFileType = wrapper.cfbundle; includeInIndex = 0; path = PixTests.xctest; sourceTree = BUILT_PRODUCTS_DIR; };
		D85F50C01B710AC200D42E5D /* Info.plist */ = {isa = PBXFileReference; lastKnownFileType = text.plist.xml; path = Info.plist; sourceTree = "<group>"; };
		D85F50C11B710AC200D42E5D /* PixTests.m */ = {isa = PBXFileReference; lastKnownFileType = sourcecode.c.objc; path = PixTests.m; sourceTree = "<group>"; };
		D85F50CB1B710B4700D42E5D /* ImagesTableViewController.h */ = {isa = PBXFileReference; fileEncoding = 4; lastKnownFileType = sourcecode.c.h; path = ImagesTableViewController.h; sourceTree = "<group>"; };
		D85F50CC1B710B4700D42E5D /* ImagesTableViewController.m */ = {isa = PBXFileReference; fileEncoding = 4; lastKnownFileType = sourcecode.c.objc; path = ImagesTableViewController.m; sourceTree = "<group>"; };
		D85F50CF1B71137000D42E5D /* User.h */ = {isa = PBXFileReference; fileEncoding = 4; lastKnownFileType = sourcecode.c.h; path = User.h; sourceTree = "<group>"; };
		D85F50D01B71137000D42E5D /* User.m */ = {isa = PBXFileReference; fileEncoding = 4; lastKnownFileType = sourcecode.c.objc; path = User.m; sourceTree = "<group>"; };
		D85F50D31B7113FA00D42E5D /* Media.h */ = {isa = PBXFileReference; fileEncoding = 4; lastKnownFileType = sourcecode.c.h; path = Media.h; sourceTree = "<group>"; };
		D85F50D41B7113FA00D42E5D /* Media.m */ = {isa = PBXFileReference; fileEncoding = 4; lastKnownFileType = sourcecode.c.objc; path = Media.m; sourceTree = "<group>"; };
		D85F50D61B71155F00D42E5D /* Comment.h */ = {isa = PBXFileReference; fileEncoding = 4; lastKnownFileType = sourcecode.c.h; path = Comment.h; sourceTree = "<group>"; };
		D85F50D71B71155F00D42E5D /* Comment.m */ = {isa = PBXFileReference; fileEncoding = 4; lastKnownFileType = sourcecode.c.objc; path = Comment.m; sourceTree = "<group>"; };
		D85F50D91B7115B500D42E5D /* DataSource.h */ = {isa = PBXFileReference; fileEncoding = 4; lastKnownFileType = sourcecode.c.h; path = DataSource.h; sourceTree = "<group>"; };
		D85F50DA1B7115B500D42E5D /* DataSource.m */ = {isa = PBXFileReference; fileEncoding = 4; lastKnownFileType = sourcecode.c.objc; path = DataSource.m; sourceTree = "<group>"; };
		D85F50DC1B713ED700D42E5D /* MediaTableViewCell.h */ = {isa = PBXFileReference; fileEncoding = 4; lastKnownFileType = sourcecode.c.h; path = MediaTableViewCell.h; sourceTree = "<group>"; };
		D85F50DD1B713ED700D42E5D /* MediaTableViewCell.m */ = {isa = PBXFileReference; fileEncoding = 4; lastKnownFileType = sourcecode.c.objc; path = MediaTableViewCell.m; sourceTree = "<group>"; };
		D85F50E01B72A4F700D42E5D /* LoginViewController.h */ = {isa = PBXFileReference; fileEncoding = 4; lastKnownFileType = sourcecode.c.h; path = LoginViewController.h; sourceTree = "<group>"; };
		D85F50E11B72A4F700D42E5D /* LoginViewController.m */ = {isa = PBXFileReference; fileEncoding = 4; lastKnownFileType = sourcecode.c.objc; path = LoginViewController.m; sourceTree = "<group>"; };
		D86C22C81B76AA5A00CAE900 /* MediaFullScreenViewController.h */ = {isa = PBXFileReference; fileEncoding = 4; lastKnownFileType = sourcecode.c.h; path = MediaFullScreenViewController.h; sourceTree = "<group>"; };
		D86C22C91B76AA5A00CAE900 /* MediaFullScreenViewController.m */ = {isa = PBXFileReference; fileEncoding = 4; lastKnownFileType = sourcecode.c.objc; path = MediaFullScreenViewController.m; sourceTree = "<group>"; };
		D86C22CD1B7A950500CAE900 /* CircleSpinnerView.h */ = {isa = PBXFileReference; fileEncoding = 4; lastKnownFileType = sourcecode.c.h; path = CircleSpinnerView.h; sourceTree = "<group>"; };
		D86C22CE1B7A950500CAE900 /* CircleSpinnerView.m */ = {isa = PBXFileReference; fileEncoding = 4; lastKnownFileType = sourcecode.c.objc; path = CircleSpinnerView.m; sourceTree = "<group>"; };
		D86C22D01B7A981300CAE900 /* LikeButton.h */ = {isa = PBXFileReference; fileEncoding = 4; lastKnownFileType = sourcecode.c.h; path = LikeButton.h; sourceTree = "<group>"; };
		D86C22D11B7A981300CAE900 /* LikeButton.m */ = {isa = PBXFileReference; fileEncoding = 4; lastKnownFileType = sourcecode.c.objc; path = LikeButton.m; sourceTree = "<group>"; };
		D86C22D31B7BD78D00CAE900 /* ComposeCommentView.h */ = {isa = PBXFileReference; fileEncoding = 4; lastKnownFileType = sourcecode.c.h; path = ComposeCommentView.h; sourceTree = "<group>"; };
		D86C22D41B7BD78D00CAE900 /* ComposeCommentView.m */ = {isa = PBXFileReference; fileEncoding = 4; lastKnownFileType = sourcecode.c.objc; path = ComposeCommentView.m; sourceTree = "<group>"; };
		E267C16EB418488653AD8292 /* libPods.a */ = {isa = PBXFileReference; explicitFileType = archive.ar; includeInIndex = 0; path = libPods.a; sourceTree = BUILT_PRODUCTS_DIR; };
/* End PBXFileReference section */

/* Begin PBXFrameworksBuildPhase section */
		D85F509F1B710AC200D42E5D /* Frameworks */ = {
			isa = PBXFrameworksBuildPhase;
			buildActionMask = 2147483647;
			files = (
				B5FA7E4BC4E303A399C076DC /* libPods.a in Frameworks */,
			);
			runOnlyForDeploymentPostprocessing = 0;
		};
		D85F50B81B710AC200D42E5D /* Frameworks */ = {
			isa = PBXFrameworksBuildPhase;
			buildActionMask = 2147483647;
			files = (
			);
			runOnlyForDeploymentPostprocessing = 0;
		};
/* End PBXFrameworksBuildPhase section */

/* Begin PBXGroup section */
		28F3A21098EB7A773F33EFF7 /* Frameworks */ = {
			isa = PBXGroup;
			children = (
				E267C16EB418488653AD8292 /* libPods.a */,
			);
			name = Frameworks;
			sourceTree = "<group>";
		};
		A1BF36AC1F1C7128DE7A27D7 /* Pods */ = {
			isa = PBXGroup;
			children = (
				2668EF4A11BC7ED84AA6A923 /* Pods.debug.xcconfig */,
				68B1E2AF0288AD231FA4A0A0 /* Pods.release.xcconfig */,
			);
			name = Pods;
			sourceTree = "<group>";
		};
		D85F50991B710AC100D42E5D = {
			isa = PBXGroup;
			children = (
				D85F50A41B710AC200D42E5D /* Pix */,
				D85F50BE1B710AC200D42E5D /* PixTests */,
				D85F50A31B710AC200D42E5D /* Products */,
				A1BF36AC1F1C7128DE7A27D7 /* Pods */,
				28F3A21098EB7A773F33EFF7 /* Frameworks */,
			);
			sourceTree = "<group>";
		};
		D85F50A31B710AC200D42E5D /* Products */ = {
			isa = PBXGroup;
			children = (
				D85F50A21B710AC200D42E5D /* Pix.app */,
				D85F50BB1B710AC200D42E5D /* PixTests.xctest */,
			);
			name = Products;
			sourceTree = "<group>";
		};
		D85F50A41B710AC200D42E5D /* Pix */ = {
			isa = PBXGroup;
			children = (
				D85F50A91B710AC200D42E5D /* AppDelegate.h */,
				D85F50AA1B710AC200D42E5D /* AppDelegate.m */,
				D85F50B21B710AC200D42E5D /* Images.xcassets */,
				D85F50B41B710AC200D42E5D /* LaunchScreen.xib */,
				D85F50D21B71137500D42E5D /* Model */,
				D85F50DF1B713EDE00D42E5D /* View */,
				D85F50CE1B71135800D42E5D /* Controllers */,
				D85F50A51B710AC200D42E5D /* Supporting Files */,
			);
			path = Pix;
			sourceTree = "<group>";
		};
		D85F50A51B710AC200D42E5D /* Supporting Files */ = {
			isa = PBXGroup;
			children = (
				D85F50A61B710AC200D42E5D /* Info.plist */,
				D85F50A71B710AC200D42E5D /* main.m */,
			);
			name = "Supporting Files";
			sourceTree = "<group>";
		};
		D85F50BE1B710AC200D42E5D /* PixTests */ = {
			isa = PBXGroup;
			children = (
				D85F50C11B710AC200D42E5D /* PixTests.m */,
				D85F50BF1B710AC200D42E5D /* Supporting Files */,
			);
			path = PixTests;
			sourceTree = "<group>";
		};
		D85F50BF1B710AC200D42E5D /* Supporting Files */ = {
			isa = PBXGroup;
			children = (
				D85F50C01B710AC200D42E5D /* Info.plist */,
			);
			name = "Supporting Files";
			sourceTree = "<group>";
		};
		D85F50CE1B71135800D42E5D /* Controllers */ = {
			isa = PBXGroup;
			children = (
				D85F50E01B72A4F700D42E5D /* LoginViewController.h */,
				D85F50E11B72A4F700D42E5D /* LoginViewController.m */,
				D85F50CB1B710B4700D42E5D /* ImagesTableViewController.h */,
				D85F50CC1B710B4700D42E5D /* ImagesTableViewController.m */,
				D86C22C81B76AA5A00CAE900 /* MediaFullScreenViewController.h */,
				D86C22C91B76AA5A00CAE900 /* MediaFullScreenViewController.m */,
			);
			name = Controllers;
			sourceTree = "<group>";
		};
		D85F50D21B71137500D42E5D /* Model */ = {
			isa = PBXGroup;
			children = (
				D85F50CF1B71137000D42E5D /* User.h */,
				D85F50D01B71137000D42E5D /* User.m */,
				D85F50D31B7113FA00D42E5D /* Media.h */,
				D85F50D41B7113FA00D42E5D /* Media.m */,
				D85F50D61B71155F00D42E5D /* Comment.h */,
				D85F50D71B71155F00D42E5D /* Comment.m */,
				D85F50D91B7115B500D42E5D /* DataSource.h */,
				D85F50DA1B7115B500D42E5D /* DataSource.m */,
			);
			name = Model;
			sourceTree = "<group>";
		};
		D85F50DF1B713EDE00D42E5D /* View */ = {
			isa = PBXGroup;
			children = (
				D85F50DC1B713ED700D42E5D /* MediaTableViewCell.h */,
				D85F50DD1B713ED700D42E5D /* MediaTableViewCell.m */,
				D86C22CD1B7A950500CAE900 /* CircleSpinnerView.h */,
				D86C22CE1B7A950500CAE900 /* CircleSpinnerView.m */,
				D86C22D01B7A981300CAE900 /* LikeButton.h */,
				D86C22D11B7A981300CAE900 /* LikeButton.m */,
				D86C22D31B7BD78D00CAE900 /* ComposeCommentView.h */,
				D86C22D41B7BD78D00CAE900 /* ComposeCommentView.m */,
			);
			name = View;
			sourceTree = "<group>";
		};
/* End PBXGroup section */

/* Begin PBXNativeTarget section */
		D85F50A11B710AC200D42E5D /* Pix */ = {
			isa = PBXNativeTarget;
			buildConfigurationList = D85F50C51B710AC200D42E5D /* Build configuration list for PBXNativeTarget "Pix" */;
			buildPhases = (
				E2301E6754903F649E603940 /* Check Pods Manifest.lock */,
				D85F509E1B710AC200D42E5D /* Sources */,
				D85F509F1B710AC200D42E5D /* Frameworks */,
				D85F50A01B710AC200D42E5D /* Resources */,
				9C751C9FD06FB3576A983484 /* Copy Pods Resources */,
			);
			buildRules = (
			);
			dependencies = (
			);
			name = Pix;
			productName = Pix;
			productReference = D85F50A21B710AC200D42E5D /* Pix.app */;
			productType = "com.apple.product-type.application";
		};
		D85F50BA1B710AC200D42E5D /* PixTests */ = {
			isa = PBXNativeTarget;
			buildConfigurationList = D85F50C81B710AC200D42E5D /* Build configuration list for PBXNativeTarget "PixTests" */;
			buildPhases = (
				D85F50B71B710AC200D42E5D /* Sources */,
				D85F50B81B710AC200D42E5D /* Frameworks */,
				D85F50B91B710AC200D42E5D /* Resources */,
			);
			buildRules = (
			);
			dependencies = (
				D85F50BD1B710AC200D42E5D /* PBXTargetDependency */,
			);
			name = PixTests;
			productName = PixTests;
			productReference = D85F50BB1B710AC200D42E5D /* PixTests.xctest */;
			productType = "com.apple.product-type.bundle.unit-test";
		};
/* End PBXNativeTarget section */

/* Begin PBXProject section */
		D85F509A1B710AC100D42E5D /* Project object */ = {
			isa = PBXProject;
			attributes = {
				LastUpgradeCheck = 0640;
				ORGANIZATIONNAME = "Joe Lucero";
				TargetAttributes = {
					D85F50A11B710AC200D42E5D = {
						CreatedOnToolsVersion = 6.4;
					};
					D85F50BA1B710AC200D42E5D = {
						CreatedOnToolsVersion = 6.4;
						TestTargetID = D85F50A11B710AC200D42E5D;
					};
				};
			};
			buildConfigurationList = D85F509D1B710AC100D42E5D /* Build configuration list for PBXProject "Pix" */;
			compatibilityVersion = "Xcode 3.2";
			developmentRegion = English;
			hasScannedForEncodings = 0;
			knownRegions = (
				en,
				Base,
			);
			mainGroup = D85F50991B710AC100D42E5D;
			productRefGroup = D85F50A31B710AC200D42E5D /* Products */;
			projectDirPath = "";
			projectRoot = "";
			targets = (
				D85F50A11B710AC200D42E5D /* Pix */,
				D85F50BA1B710AC200D42E5D /* PixTests */,
			);
		};
/* End PBXProject section */

/* Begin PBXResourcesBuildPhase section */
		D85F50A01B710AC200D42E5D /* Resources */ = {
			isa = PBXResourcesBuildPhase;
			buildActionMask = 2147483647;
			files = (
				D85F50B61B710AC200D42E5D /* LaunchScreen.xib in Resources */,
				D85F50B31B710AC200D42E5D /* Images.xcassets in Resources */,
			);
			runOnlyForDeploymentPostprocessing = 0;
		};
		D85F50B91B710AC200D42E5D /* Resources */ = {
			isa = PBXResourcesBuildPhase;
			buildActionMask = 2147483647;
			files = (
			);
			runOnlyForDeploymentPostprocessing = 0;
		};
/* End PBXResourcesBuildPhase section */

/* Begin PBXShellScriptBuildPhase section */
		9C751C9FD06FB3576A983484 /* Copy Pods Resources */ = {
			isa = PBXShellScriptBuildPhase;
			buildActionMask = 2147483647;
			files = (
			);
			inputPaths = (
			);
			name = "Copy Pods Resources";
			outputPaths = (
			);
			runOnlyForDeploymentPostprocessing = 0;
			shellPath = /bin/sh;
			shellScript = "\"${SRCROOT}/Pods/Target Support Files/Pods/Pods-resources.sh\"\n";
			showEnvVarsInLog = 0;
		};
		E2301E6754903F649E603940 /* Check Pods Manifest.lock */ = {
			isa = PBXShellScriptBuildPhase;
			buildActionMask = 2147483647;
			files = (
			);
			inputPaths = (
			);
			name = "Check Pods Manifest.lock";
			outputPaths = (
			);
			runOnlyForDeploymentPostprocessing = 0;
			shellPath = /bin/sh;
			shellScript = "diff \"${PODS_ROOT}/../Podfile.lock\" \"${PODS_ROOT}/Manifest.lock\" > /dev/null\nif [[ $? != 0 ]] ; then\n    cat << EOM\nerror: The sandbox is not in sync with the Podfile.lock. Run 'pod install' or update your CocoaPods installation.\nEOM\n    exit 1\nfi\n";
			showEnvVarsInLog = 0;
		};
/* End PBXShellScriptBuildPhase section */

/* Begin PBXSourcesBuildPhase section */
		D85F509E1B710AC200D42E5D /* Sources */ = {
			isa = PBXSourcesBuildPhase;
			buildActionMask = 2147483647;
			files = (
				D86C22CA1B76AA5A00CAE900 /* MediaFullScreenViewController.m in Sources */,
				D86C22CF1B7A950500CAE900 /* CircleSpinnerView.m in Sources */,
				D85F50D11B71137000D42E5D /* User.m in Sources */,
				D85F50D81B71155F00D42E5D /* Comment.m in Sources */,
				D85F50DE1B713ED700D42E5D /* MediaTableViewCell.m in Sources */,
				D85F50D51B7113FA00D42E5D /* Media.m in Sources */,
				D85F50AB1B710AC200D42E5D /* AppDelegate.m in Sources */,
				D85F50E21B72A4F700D42E5D /* LoginViewController.m in Sources */,
				D86C22D21B7A981300CAE900 /* LikeButton.m in Sources */,
				D85F50DB1B7115B500D42E5D /* DataSource.m in Sources */,
				D86C22D51B7BD78D00CAE900 /* ComposeCommentView.m in Sources */,
				D85F50A81B710AC200D42E5D /* main.m in Sources */,
				D85F50CD1B710B4700D42E5D /* ImagesTableViewController.m in Sources */,
			);
			runOnlyForDeploymentPostprocessing = 0;
		};
		D85F50B71B710AC200D42E5D /* Sources */ = {
			isa = PBXSourcesBuildPhase;
			buildActionMask = 2147483647;
			files = (
				D85F50C21B710AC200D42E5D /* PixTests.m in Sources */,
			);
			runOnlyForDeploymentPostprocessing = 0;
		};
/* End PBXSourcesBuildPhase section */

/* Begin PBXTargetDependency section */
		D85F50BD1B710AC200D42E5D /* PBXTargetDependency */ = {
			isa = PBXTargetDependency;
			target = D85F50A11B710AC200D42E5D /* Pix */;
			targetProxy = D85F50BC1B710AC200D42E5D /* PBXContainerItemProxy */;
		};
/* End PBXTargetDependency section */

/* Begin PBXVariantGroup section */
		D85F50B41B710AC200D42E5D /* LaunchScreen.xib */ = {
			isa = PBXVariantGroup;
			children = (
				D85F50B51B710AC200D42E5D /* Base */,
			);
			name = LaunchScreen.xib;
			sourceTree = "<group>";
		};
/* End PBXVariantGroup section */

/* Begin XCBuildConfiguration section */
		D85F50C31B710AC200D42E5D /* Debug */ = {
			isa = XCBuildConfiguration;
			buildSettings = {
				ALWAYS_SEARCH_USER_PATHS = NO;
				CLANG_CXX_LANGUAGE_STANDARD = "gnu++0x";
				CLANG_CXX_LIBRARY = "libc++";
				CLANG_ENABLE_MODULES = YES;
				CLANG_ENABLE_OBJC_ARC = YES;
				CLANG_WARN_BOOL_CONVERSION = YES;
				CLANG_WARN_CONSTANT_CONVERSION = YES;
				CLANG_WARN_DIRECT_OBJC_ISA_USAGE = YES_ERROR;
				CLANG_WARN_EMPTY_BODY = YES;
				CLANG_WARN_ENUM_CONVERSION = YES;
				CLANG_WARN_INT_CONVERSION = YES;
				CLANG_WARN_OBJC_ROOT_CLASS = YES_ERROR;
				CLANG_WARN_UNREACHABLE_CODE = YES;
				CLANG_WARN__DUPLICATE_METHOD_MATCH = YES;
				"CODE_SIGN_IDENTITY[sdk=iphoneos*]" = "iPhone Developer";
				COPY_PHASE_STRIP = NO;
				DEBUG_INFORMATION_FORMAT = "dwarf-with-dsym";
				ENABLE_STRICT_OBJC_MSGSEND = YES;
				GCC_C_LANGUAGE_STANDARD = gnu99;
				GCC_DYNAMIC_NO_PIC = NO;
				GCC_NO_COMMON_BLOCKS = YES;
				GCC_OPTIMIZATION_LEVEL = 0;
				GCC_PREPROCESSOR_DEFINITIONS = (
					"DEBUG=1",
					"$(inherited)",
				);
				GCC_SYMBOLS_PRIVATE_EXTERN = NO;
				GCC_WARN_64_TO_32_BIT_CONVERSION = YES;
				GCC_WARN_ABOUT_RETURN_TYPE = YES_ERROR;
				GCC_WARN_UNDECLARED_SELECTOR = YES;
				GCC_WARN_UNINITIALIZED_AUTOS = YES_AGGRESSIVE;
				GCC_WARN_UNUSED_FUNCTION = YES;
				GCC_WARN_UNUSED_VARIABLE = YES;
				IPHONEOS_DEPLOYMENT_TARGET = 8.4;
				MTL_ENABLE_DEBUG_INFO = YES;
				ONLY_ACTIVE_ARCH = YES;
				SDKROOT = iphoneos;
				TARGETED_DEVICE_FAMILY = "1,2";
			};
			name = Debug;
		};
		D85F50C41B710AC200D42E5D /* Release */ = {
			isa = XCBuildConfiguration;
			buildSettings = {
				ALWAYS_SEARCH_USER_PATHS = NO;
				CLANG_CXX_LANGUAGE_STANDARD = "gnu++0x";
				CLANG_CXX_LIBRARY = "libc++";
				CLANG_ENABLE_MODULES = YES;
				CLANG_ENABLE_OBJC_ARC = YES;
				CLANG_WARN_BOOL_CONVERSION = YES;
				CLANG_WARN_CONSTANT_CONVERSION = YES;
				CLANG_WARN_DIRECT_OBJC_ISA_USAGE = YES_ERROR;
				CLANG_WARN_EMPTY_BODY = YES;
				CLANG_WARN_ENUM_CONVERSION = YES;
				CLANG_WARN_INT_CONVERSION = YES;
				CLANG_WARN_OBJC_ROOT_CLASS = YES_ERROR;
				CLANG_WARN_UNREACHABLE_CODE = YES;
				CLANG_WARN__DUPLICATE_METHOD_MATCH = YES;
				"CODE_SIGN_IDENTITY[sdk=iphoneos*]" = "iPhone Developer";
				COPY_PHASE_STRIP = NO;
				DEBUG_INFORMATION_FORMAT = "dwarf-with-dsym";
				ENABLE_NS_ASSERTIONS = NO;
				ENABLE_STRICT_OBJC_MSGSEND = YES;
				GCC_C_LANGUAGE_STANDARD = gnu99;
				GCC_NO_COMMON_BLOCKS = YES;
				GCC_WARN_64_TO_32_BIT_CONVERSION = YES;
				GCC_WARN_ABOUT_RETURN_TYPE = YES_ERROR;
				GCC_WARN_UNDECLARED_SELECTOR = YES;
				GCC_WARN_UNINITIALIZED_AUTOS = YES_AGGRESSIVE;
				GCC_WARN_UNUSED_FUNCTION = YES;
				GCC_WARN_UNUSED_VARIABLE = YES;
				IPHONEOS_DEPLOYMENT_TARGET = 8.4;
				MTL_ENABLE_DEBUG_INFO = NO;
				SDKROOT = iphoneos;
				TARGETED_DEVICE_FAMILY = "1,2";
				VALIDATE_PRODUCT = YES;
			};
			name = Release;
		};
		D85F50C61B710AC200D42E5D /* Debug */ = {
			isa = XCBuildConfiguration;
			baseConfigurationReference = 2668EF4A11BC7ED84AA6A923 /* Pods.debug.xcconfig */;
			buildSettings = {
				ASSETCATALOG_COMPILER_APPICON_NAME = AppIcon;
				INFOPLIST_FILE = Pix/Info.plist;
				IPHONEOS_DEPLOYMENT_TARGET = 8.4;
				LD_RUNPATH_SEARCH_PATHS = "$(inherited) @executable_path/Frameworks";
				PRODUCT_NAME = "$(TARGET_NAME)";
			};
			name = Debug;
		};
		D85F50C71B710AC200D42E5D /* Release */ = {
			isa = XCBuildConfiguration;
			baseConfigurationReference = 68B1E2AF0288AD231FA4A0A0 /* Pods.release.xcconfig */;
			buildSettings = {
				ASSETCATALOG_COMPILER_APPICON_NAME = AppIcon;
				INFOPLIST_FILE = Pix/Info.plist;
				IPHONEOS_DEPLOYMENT_TARGET = 8.4;
				LD_RUNPATH_SEARCH_PATHS = "$(inherited) @executable_path/Frameworks";
				PRODUCT_NAME = "$(TARGET_NAME)";
			};
			name = Release;
		};
		D85F50C91B710AC200D42E5D /* Debug */ = {
			isa = XCBuildConfiguration;
			buildSettings = {
				BUNDLE_LOADER = "$(TEST_HOST)";
				FRAMEWORK_SEARCH_PATHS = (
					"$(SDKROOT)/Developer/Library/Frameworks",
					"$(inherited)",
				);
				GCC_PREPROCESSOR_DEFINITIONS = (
					"DEBUG=1",
					"$(inherited)",
				);
				INFOPLIST_FILE = PixTests/Info.plist;
				LD_RUNPATH_SEARCH_PATHS = "$(inherited) @executable_path/Frameworks @loader_path/Frameworks";
				PRODUCT_NAME = "$(TARGET_NAME)";
				TEST_HOST = "$(BUILT_PRODUCTS_DIR)/Pix.app/Pix";
			};
			name = Debug;
		};
		D85F50CA1B710AC200D42E5D /* Release */ = {
			isa = XCBuildConfiguration;
			buildSettings = {
				BUNDLE_LOADER = "$(TEST_HOST)";
				FRAMEWORK_SEARCH_PATHS = (
					"$(SDKROOT)/Developer/Library/Frameworks",
					"$(inherited)",
				);
				INFOPLIST_FILE = PixTests/Info.plist;
				LD_RUNPATH_SEARCH_PATHS = "$(inherited) @executable_path/Frameworks @loader_path/Frameworks";
				PRODUCT_NAME = "$(TARGET_NAME)";
				TEST_HOST = "$(BUILT_PRODUCTS_DIR)/Pix.app/Pix";
			};
			name = Release;
		};
/* End XCBuildConfiguration section */

/* Begin XCConfigurationList section */
		D85F509D1B710AC100D42E5D /* Build configuration list for PBXProject "Pix" */ = {
			isa = XCConfigurationList;
			buildConfigurations = (
				D85F50C31B710AC200D42E5D /* Debug */,
				D85F50C41B710AC200D42E5D /* Release */,
			);
			defaultConfigurationIsVisible = 0;
			defaultConfigurationName = Release;
		};
		D85F50C51B710AC200D42E5D /* Build configuration list for PBXNativeTarget "Pix" */ = {
			isa = XCConfigurationList;
			buildConfigurations = (
				D85F50C61B710AC200D42E5D /* Debug */,
				D85F50C71B710AC200D42E5D /* Release */,
			);
			defaultConfigurationIsVisible = 0;
			defaultConfigurationName = Release;
		};
		D85F50C81B710AC200D42E5D /* Build configuration list for PBXNativeTarget "PixTests" */ = {
			isa = XCConfigurationList;
			buildConfigurations = (
				D85F50C91B710AC200D42E5D /* Debug */,
				D85F50CA1B710AC200D42E5D /* Release */,
			);
			defaultConfigurationIsVisible = 0;
			defaultConfigurationName = Release;
		};
/* End XCConfigurationList section */
	};
	rootObject = D85F509A1B710AC100D42E5D /* Project object */;
}
